
Microsoft Visual Studio Solution File, Format Version 12.00
# Visual Studio Version 16
VisualStudioVersion = 16.0.30114.105
MinimumVisualStudioVersion = 10.0.40219.1
Project("{2150E333-8FDC-42A3-9474-1A3956D46DE8}") = "src", "src", "{704446F9-F72B-46C1-BA5D-215A48B2ED3F}"
EndProject
Project("{FAE04EC0-301F-11D3-BF4B-00C04F79EFBC}") = "Admin.Domain", "src\Admin.Domain\Admin.Domain.csproj", "{55F2CCEC-FE1B-4829-8232-A64DDDFB7C0E}"
EndProject
Project("{FAE04EC0-301F-11D3-BF4B-00C04F79EFBC}") = "Admin.Api", "src\Admin.Api\Admin.Api.csproj", "{628AF06B-EA7A-40C0-BB9E-186C6D3FEA35}"
EndProject
Global
	GlobalSection(SolutionConfigurationPlatforms) = preSolution
		Debug|Any CPU = Debug|Any CPU
		Release|Any CPU = Release|Any CPU
	EndGlobalSection
	GlobalSection(SolutionProperties) = preSolution
		HideSolutionNode = FALSE
	EndGlobalSection
	GlobalSection(ProjectConfigurationPlatforms) = postSolution
		{55F2CCEC-FE1B-4829-8232-A64DDDFB7C0E}.Debug|Any CPU.ActiveCfg = Debug|Any CPU
		{55F2CCEC-FE1B-4829-8232-A64DDDFB7C0E}.Debug|Any CPU.Build.0 = Debug|Any CPU
		{55F2CCEC-FE1B-4829-8232-A64DDDFB7C0E}.Release|Any CPU.ActiveCfg = Release|Any CPU
		{55F2CCEC-FE1B-4829-8232-A64DDDFB7C0E}.Release|Any CPU.Build.0 = Release|Any CPU
		{628AF06B-EA7A-40C0-BB9E-186C6D3FEA35}.Debug|Any CPU.ActiveCfg = Debug|Any CPU
		{628AF06B-EA7A-40C0-BB9E-186C6D3FEA35}.Debug|Any CPU.Build.0 = Debug|Any CPU
		{628AF06B-EA7A-40C0-BB9E-186C6D3FEA35}.Release|Any CPU.ActiveCfg = Release|Any CPU
		{628AF06B-EA7A-40C0-BB9E-186C6D3FEA35}.Release|Any CPU.Build.0 = Release|Any CPU
	EndGlobalSection
	GlobalSection(NestedProjects) = preSolution
		{55F2CCEC-FE1B-4829-8232-A64DDDFB7C0E} = {704446F9-F72B-46C1-BA5D-215A48B2ED3F}
		{628AF06B-EA7A-40C0-BB9E-186C6D3FEA35} = {704446F9-F72B-46C1-BA5D-215A48B2ED3F}
	EndGlobalSection
EndGlobal
